
Microsoft Visual Studio Solution File, Format Version 12.00
# Visual Studio Version 16
VisualStudioVersion = 16.0.31911.196
MinimumVisualStudioVersion = 10.0.40219.1
Project("{FAE04EC0-301F-11D3-BF4B-00C04F79EFBC}") = "ApiMetrics", "ApiMetrics\ApiMetrics.csproj", "{B981FF6F-0314-4927-B9AD-19E2A063A50B}"
EndProject
Project("{FAE04EC0-301F-11D3-BF4B-00C04F79EFBC}") = "ApiMetricsTests", "ApiMetricsTests\ApiMetricsTests.csproj", "{0D403D3A-ADEF-4E48-982A-EC1FFA714CF1}"
EndProject
Global
	GlobalSection(SolutionConfigurationPlatforms) = preSolution
		Debug|Any CPU = Debug|Any CPU
		Release|Any CPU = Release|Any CPU
	EndGlobalSection
	GlobalSection(ProjectConfigurationPlatforms) = postSolution
		{B981FF6F-0314-4927-B9AD-19E2A063A50B}.Debug|Any CPU.ActiveCfg = Debug|Any CPU
		{B981FF6F-0314-4927-B9AD-19E2A063A50B}.Debug|Any CPU.Build.0 = Debug|Any CPU
		{B981FF6F-0314-4927-B9AD-19E2A063A50B}.Release|Any CPU.ActiveCfg = Release|Any CPU
		{B981FF6F-0314-4927-B9AD-19E2A063A50B}.Release|Any CPU.Build.0 = Release|Any CPU
		{0D403D3A-ADEF-4E48-982A-EC1FFA714CF1}.Debug|Any CPU.ActiveCfg = Debug|Any CPU
		{0D403D3A-ADEF-4E48-982A-EC1FFA714CF1}.Debug|Any CPU.Build.0 = Debug|Any CPU
		{0D403D3A-ADEF-4E48-982A-EC1FFA714CF1}.Release|Any CPU.ActiveCfg = Release|Any CPU
		{0D403D3A-ADEF-4E48-982A-EC1FFA714CF1}.Release|Any CPU.Build.0 = Release|Any CPU
	EndGlobalSection
	GlobalSection(SolutionProperties) = preSolution
		HideSolutionNode = FALSE
	EndGlobalSection
	GlobalSection(ExtensibilityGlobals) = postSolution
		SolutionGuid = {ADC1793C-6B3A-4DF7-B1A7-A624247E429A}
	EndGlobalSection
EndGlobal
